Microsoft Visual Studio Solution File, Format Version 12.00
# Visual Studio Version 17
VisualStudioVersion = 17.5.2.0
MinimumVisualStudioVersion = 10.0.40219.1
Project("{2150E333-8FDC-42A3-9474-1A3956D46DE8}") = "CustomerService", "CustomerService", "{2FA8F305-DE38-4927-6B72-6521E67971D8}"
EndProject
Project("{2150E333-8FDC-42A3-9474-1A3956D46DE8}") = "OrderService", "OrderService", "{1CDB8257-D98E-AF38-204D-5645D4EEB404}"
EndProject
Project("{2150E333-8FDC-42A3-9474-1A3956D46DE8}") = "ProductService", "ProductService", "{74B0D46A-C2A4-54DC-F940-E5841734F66C}"
EndProject
Project("{2150E333-8FDC-42A3-9474-1A3956D46DE8}") = "ShippingService", "ShippingService", "{11FF4237-8F01-4839-EA89-19CCAAEE65F0}"
EndProject
Project("{FAE04EC0-301F-11D3-BF4B-00C04F79EFBC}") = "CustomerService.Api", "CustomerService\CustomerService.Api\CustomerService.Api.csproj", "{B10B4CE1-1EC6-1B08-1171-83B1F4065998}"
EndProject
Project("{FAE04EC0-301F-11D3-BF4B-00C04F79EFBC}") = "OrderService.Api", "OrderService\OrderService.Api\OrderService.Api.csproj", "{CDFA81E8-979B-BA2D-9FA5-BBDE9D7E0021}"
EndProject
Project("{FAE04EC0-301F-11D3-BF4B-00C04F79EFBC}") = "ProductService.Api", "ProductService\ProductService.Api\ProductService.Api.csproj", "{5C8B9142-D843-0C71-4BE0-26A84245CFA4}"
EndProject
Project("{FAE04EC0-301F-11D3-BF4B-00C04F79EFBC}") = "ShippingService.Api", "ShippingService\ShippingService.Api\ShippingService.Api.csproj", "{FC0B65BC-7D51-0E61-028C-B82A016036F8}"
EndProject
Global
	GlobalSection(SolutionConfigurationPlatforms) = preSolution
		Debug|Any CPU = Debug|Any CPU
		Release|Any CPU = Release|Any CPU
	EndGlobalSection
	GlobalSection(ProjectConfigurationPlatforms) = postSolution
		{B10B4CE1-1EC6-1B08-1171-83B1F4065998}.Debug|Any CPU.ActiveCfg = Debug|Any CPU
		{B10B4CE1-1EC6-1B08-1171-83B1F4065998}.Debug|Any CPU.Build.0 = Debug|Any CPU
		{B10B4CE1-1EC6-1B08-1171-83B1F4065998}.Release|Any CPU.ActiveCfg = Release|Any CPU
		{B10B4CE1-1EC6-1B08-1171-83B1F4065998}.Release|Any CPU.Build.0 = Release|Any CPU
		{CDFA81E8-979B-BA2D-9FA5-BBDE9D7E0021}.Debug|Any CPU.ActiveCfg = Debug|Any CPU
		{CDFA81E8-979B-BA2D-9FA5-BBDE9D7E0021}.Debug|Any CPU.Build.0 = Debug|Any CPU
		{CDFA81E8-979B-BA2D-9FA5-BBDE9D7E0021}.Release|Any CPU.ActiveCfg = Release|Any CPU
		{CDFA81E8-979B-BA2D-9FA5-BBDE9D7E0021}.Release|Any CPU.Build.0 = Release|Any CPU
		{5C8B9142-D843-0C71-4BE0-26A84245CFA4}.Debug|Any CPU.ActiveCfg = Debug|Any CPU
		{5C8B9142-D843-0C71-4BE0-26A84245CFA4}.Debug|Any CPU.Build.0 = Debug|Any CPU
		{5C8B9142-D843-0C71-4BE0-26A84245CFA4}.Release|Any CPU.ActiveCfg = Release|Any CPU
		{5C8B9142-D843-0C71-4BE0-26A84245CFA4}.Release|Any CPU.Build.0 = Release|Any CPU
		{FC0B65BC-7D51-0E61-028C-B82A016036F8}.Debug|Any CPU.ActiveCfg = Debug|Any CPU
		{FC0B65BC-7D51-0E61-028C-B82A016036F8}.Debug|Any CPU.Build.0 = Debug|Any CPU
		{FC0B65BC-7D51-0E61-028C-B82A016036F8}.Release|Any CPU.ActiveCfg = Release|Any CPU
		{FC0B65BC-7D51-0E61-028C-B82A016036F8}.Release|Any CPU.Build.0 = Release|Any CPU
	EndGlobalSection
	GlobalSection(SolutionProperties) = preSolution
		HideSolutionNode = FALSE
	EndGlobalSection
	GlobalSection(NestedProjects) = preSolution
		{B10B4CE1-1EC6-1B08-1171-83B1F4065998} = {2FA8F305-DE38-4927-6B72-6521E67971D8}
		{CDFA81E8-979B-BA2D-9FA5-BBDE9D7E0021} = {1CDB8257-D98E-AF38-204D-5645D4EEB404}
		{5C8B9142-D843-0C71-4BE0-26A84245CFA4} = {74B0D46A-C2A4-54DC-F940-E5841734F66C}
		{FC0B65BC-7D51-0E61-028C-B82A016036F8} = {11FF4237-8F01-4839-EA89-19CCAAEE65F0}
	EndGlobalSection
	GlobalSection(ExtensibilityGlobals) = postSolution
		SolutionGuid = {9E0A5CAC-9762-48FC-A9D0-EEE06327106D}
	EndGlobalSection
EndGlobal
